
Microsoft Visual Studio Solution File, Format Version 12.00
# Visual Studio Version 17
VisualStudioVersion = 17.10.35013.160
MinimumVisualStudioVersion = 10.0.40219.1
Project("{FAE04EC0-301F-11D3-BF4B-00C04F79EFBC}") = "BinaryTree", "BinaryTree\BinaryTree.csproj", "{BAE643A6-66EB-4066-A07F-EAFEB4E1EB32}"
EndProject
Project("{FAE04EC0-301F-11D3-BF4B-00C04F79EFBC}") = "LinkedList", "LinkedList\LinkedList.csproj", "{9C71A9D1-7A1B-4A30-8B7A-C6F08ADB7CD1}"
EndProject
Project("{FAE04EC0-301F-11D3-BF4B-00C04F79EFBC}") = "Array", "Array\Array.csproj", "{D0A61F2C-D0CA-44CC-9C95-1CEC1610B3FA}"
EndProject
Global
	GlobalSection(SolutionConfigurationPlatforms) = preSolution
		Debug|Any CPU = Debug|Any CPU
		Release|Any CPU = Release|Any CPU
	EndGlobalSection
	GlobalSection(ProjectConfigurationPlatforms) = postSolution
		{BAE643A6-66EB-4066-A07F-EAFEB4E1EB32}.Debug|Any CPU.ActiveCfg = Debug|Any CPU
		{BAE643A6-66EB-4066-A07F-EAFEB4E1EB32}.Debug|Any CPU.Build.0 = Debug|Any CPU
		{BAE643A6-66EB-4066-A07F-EAFEB4E1EB32}.Release|Any CPU.ActiveCfg = Release|Any CPU
		{BAE643A6-66EB-4066-A07F-EAFEB4E1EB32}.Release|Any CPU.Build.0 = Release|Any CPU
		{9C71A9D1-7A1B-4A30-8B7A-C6F08ADB7CD1}.Debug|Any CPU.ActiveCfg = Debug|Any CPU
		{9C71A9D1-7A1B-4A30-8B7A-C6F08ADB7CD1}.Debug|Any CPU.Build.0 = Debug|Any CPU
		{9C71A9D1-7A1B-4A30-8B7A-C6F08ADB7CD1}.Release|Any CPU.ActiveCfg = Release|Any CPU
		{9C71A9D1-7A1B-4A30-8B7A-C6F08ADB7CD1}.Release|Any CPU.Build.0 = Release|Any CPU
		{D0A61F2C-D0CA-44CC-9C95-1CEC1610B3FA}.Debug|Any CPU.ActiveCfg = Debug|Any CPU
		{D0A61F2C-D0CA-44CC-9C95-1CEC1610B3FA}.Debug|Any CPU.Build.0 = Debug|Any CPU
		{D0A61F2C-D0CA-44CC-9C95-1CEC1610B3FA}.Release|Any CPU.ActiveCfg = Release|Any CPU
		{D0A61F2C-D0CA-44CC-9C95-1CEC1610B3FA}.Release|Any CPU.Build.0 = Release|Any CPU
	EndGlobalSection
	GlobalSection(SolutionProperties) = preSolution
		HideSolutionNode = FALSE
	EndGlobalSection
	GlobalSection(ExtensibilityGlobals) = postSolution
		SolutionGuid = {27A06102-1BC4-421F-BC78-0CBAA12AD06D}
	EndGlobalSection
EndGlobal
